<?xml version="1.0" encoding="utf-8"?>
<Project ToolsVersion="4.0" xmlns="http://schemas.microsoft.com/developer/msbuild/2003">
  <ItemGroup>
    <Filter Include="Excited">
      <UniqueIdentifier>{6B1158E2-D7F0-D67D-E008-62544C673DDF}</UniqueIdentifier>
    </Filter>
  </ItemGroup>
  <ItemGroup>
    <ClInclude Include="Src\Excited.h" />
    <ClInclude Include="Src\Excited\Application.h">
      <Filter>Excited</Filter>
    </ClInclude>
    <ClInclude Include="Src\Excited\Core.h">
      <Filter>Excited</Filter>
    </ClInclude>
    <ClInclude Include="Src\Excited\EntryPoint.h">
      <Filter>Excited</Filter>
    </ClInclude>
    <ClInclude Include="Src\Excited\Log.h">
      <Filter>Excited</Filter>
    </ClInclude>
  </ItemGroup>
  <ItemGroup>
    <ClCompile Include="Src\Excited\Application.cpp">
      <Filter>Excited</Filter>
    </ClCompile>
    <ClCompile Include="Src\Excited\Log.cpp">
      <Filter>Excited</Filter>
    </ClCompile>
  </ItemGroup>
</Project>