<?xml version="1.0" encoding="utf-8"?>
<Project ToolsVersion="4.0" xmlns="http://schemas.microsoft.com/developer/msbuild/2003">
  <ItemGroup>
    <Filter Include="src">
      <UniqueIdentifier>{2DAB880B-99B4-887C-2230-9F7C8E38947C}</UniqueIdentifier>
    </Filter>
    <Filter Include="src\Excited">
      <UniqueIdentifier>{821192EB-EEC6-0AE1-77BB-04B8E36F01E5}</UniqueIdentifier>
    </Filter>
    <Filter Include="src\Excited\Events">
      <UniqueIdentifier>{26B75817-129B-196D-7BFB-13C067FE03EF}</UniqueIdentifier>
    </Filter>
    <Filter Include="src\Platform">
      <UniqueIdentifier>{21CA02E5-0D2D-9289-B6B2-CA3FA2F45D0C}</UniqueIdentifier>
    </Filter>
    <Filter Include="src\Platform\Windows">
      <UniqueIdentifier>{5B054582-4794-CE4B-F0B2-E246DC20DFF1}</UniqueIdentifier>
    </Filter>
  </ItemGroup>
  <ItemGroup>
    <ClInclude Include="src\Excited.h">
      <Filter>src</Filter>
    </ClInclude>
    <ClInclude Include="src\Excited\Application.h">
      <Filter>src\Excited</Filter>
    </ClInclude>
    <ClInclude Include="src\Excited\Core.h">
      <Filter>src\Excited</Filter>
    </ClInclude>
    <ClInclude Include="src\Excited\EntryPoint.h">
      <Filter>src\Excited</Filter>
    </ClInclude>
    <ClInclude Include="src\Excited\Events\ApplicationEvent.h">
      <Filter>src\Excited\Events</Filter>
    </ClInclude>
    <ClInclude Include="src\Excited\Events\Event.h">
      <Filter>src\Excited\Events</Filter>
    </ClInclude>
    <ClInclude Include="src\Excited\Events\KeyEvent.h">
      <Filter>src\Excited\Events</Filter>
    </ClInclude>
    <ClInclude Include="src\Excited\Events\MouseEvent.h">
      <Filter>src\Excited\Events</Filter>
    </ClInclude>
    <ClInclude Include="src\Excited\Layer.h">
      <Filter>src\Excited</Filter>
    </ClInclude>
    <ClInclude Include="src\Excited\LayerStack.h">
      <Filter>src\Excited</Filter>
    </ClInclude>
    <ClInclude Include="src\Excited\Log.h">
      <Filter>src\Excited</Filter>
    </ClInclude>
    <ClInclude Include="src\Excited\Window.h">
      <Filter>src\Excited</Filter>
    </ClInclude>
    <ClInclude Include="src\Platform\Windows\WindowsWindow.h">
      <Filter>src\Platform\Windows</Filter>
    </ClInclude>
    <ClInclude Include="src\excitedpch.h">
      <Filter>src</Filter>
    </ClInclude>
    <ClInclude Include="src\Excited\ImGui\ImGuiLayer.h" />
    <ClInclude Include="src\Platform\OpenGL\ImGuiOpenGLRenderer.h" />
    <ClInclude Include="src\Platform\OpenGL\ImGuiOpenGLRendererLoader.h" />
  </ItemGroup>
  <ItemGroup>
    <ClCompile Include="src\Excited\Application.cpp">
      <Filter>src\Excited</Filter>
    </ClCompile>
    <ClCompile Include="src\Excited\Layer.cpp">
      <Filter>src\Excited</Filter>
    </ClCompile>
    <ClCompile Include="src\Excited\LayerStack.cpp">
      <Filter>src\Excited</Filter>
    </ClCompile>
    <ClCompile Include="src\Excited\Log.cpp">
      <Filter>src\Excited</Filter>
    </ClCompile>
    <ClCompile Include="src\Platform\Windows\WindowsWindow.cpp">
      <Filter>src\Platform\Windows</Filter>
    </ClCompile>
    <ClCompile Include="src\excitedpch.cpp">
      <Filter>src</Filter>
    </ClCompile>
    <ClCompile Include="src\Excited\ImGui\ImGuiLayer.cpp" />
    <ClCompile Include="src\Platform\OpenGL\ImGuiOpenGLRenderer.cpp" />
  </ItemGroup>
  <ItemGroup>
    <None Include="LogOutputType.txt" />
  </ItemGroup>
</Project>